{
  "name": "@abusenet/stremfile",
  "lockfileVersion": 3,
  "requires": true,
  "packages": {
    "": {
      "dependencies": {
        "@ctrl/video-filename-parser": "^5.2.0"
      }
    },
    "node_modules/@ctrl/video-filename-parser": {
      "version": "5.2.0",
      "resolved": "https://registry.npmjs.org/@ctrl/video-filename-parser/-/video-filename-parser-5.2.0.tgz",
      "integrity": "sha512-6F9inbv+wXc82tG4jGcZX9j0YgpHyyF9dP+6M0GbWbQwLLwpgVcKs70DvmK7unE8cb6FFGlD/n1QDKk86mEJ7A==",
      "engines": {
        "node": ">=18"
      }
    }
  }
}
